
Microsoft Visual Studio Solution File, Format Version 12.00
# Visual Studio Version 17
VisualStudioVersion = 17.0.32014.148
MinimumVisualStudioVersion = 10.0.40219.1
Project("{888888A0-9F3D-457C-B088-3A5042F75D52}") = "SpeechToText", "SpeechToText.pyproj", "{A255B300-FF81-4127-A8DC-58D4107DDCF0}"
EndProject
Global
	GlobalSection(SolutionConfigurationPlatforms) = preSolution
		Debug|Any CPU = Debug|Any CPU
		Release|Any CPU = Release|Any CPU
	EndGlobalSection
	GlobalSection(ProjectConfigurationPlatforms) = postSolution
		{A255B300-FF81-4127-A8DC-58D4107DDCF0}.Debug|Any CPU.ActiveCfg = Debug|Any CPU
		{A255B300-FF81-4127-A8DC-58D4107DDCF0}.Release|Any CPU.ActiveCfg = Release|Any CPU
	EndGlobalSection
	GlobalSection(SolutionProperties) = preSolution
		HideSolutionNode = FALSE
	EndGlobalSection
	GlobalSection(ExtensibilityGlobals) = postSolution
		SolutionGuid = {F518F280-DF9D-4A22-BA63-6D0E838EB4E5}
	EndGlobalSection
EndGlobal
